
Microsoft Visual Studio Solution File, Format Version 12.00
# Visual Studio Version 17
VisualStudioVersion = 17.14.36221.1 d17.14
MinimumVisualStudioVersion = 10.0.40219.1
Project("{FAE04EC0-301F-11D3-BF4B-00C04F79EFBC}") = "HRBackend", "HRBackend.csproj", "{D469A61C-F276-4CDE-923C-B25915957ADC}"
EndProject
Global
	GlobalSection(SolutionConfigurationPlatforms) = preSolution
		Debug|Any CPU = Debug|Any CPU
		Release|Any CPU = Release|Any CPU
	EndGlobalSection
	GlobalSection(ProjectConfigurationPlatforms) = postSolution
		{D469A61C-F276-4CDE-923C-B25915957ADC}.Debug|Any CPU.ActiveCfg = Debug|Any CPU
		{D469A61C-F276-4CDE-923C-B25915957ADC}.Debug|Any CPU.Build.0 = Debug|Any CPU
		{D469A61C-F276-4CDE-923C-B25915957ADC}.Release|Any CPU.ActiveCfg = Release|Any CPU
		{D469A61C-F276-4CDE-923C-B25915957ADC}.Release|Any CPU.Build.0 = Release|Any CPU
	EndGlobalSection
	GlobalSection(SolutionProperties) = preSolution
		HideSolutionNode = FALSE
	EndGlobalSection
	GlobalSection(ExtensibilityGlobals) = postSolution
		SolutionGuid = {9E55CB65-05B3-412B-8C82-7605DF290778}
	EndGlobalSection
EndGlobal
